
Microsoft Visual Studio Solution File, Format Version 12.00
# Visual Studio Version 16
VisualStudioVersion = 16.0.32802.440
MinimumVisualStudioVersion = 10.0.40219.1
Project("{FAE04EC0-301F-11D3-BF4B-00C04F79EFBC}") = "exercicios", "exercicios\exercicios.csproj", "{14D59900-4239-4804-AEF2-3916F5EC2ED3}"
EndProject
Global
	GlobalSection(SolutionConfigurationPlatforms) = preSolution
		Debug|Any CPU = Debug|Any CPU
		Release|Any CPU = Release|Any CPU
	EndGlobalSection
	GlobalSection(ProjectConfigurationPlatforms) = postSolution
		{14D59900-4239-4804-AEF2-3916F5EC2ED3}.Debug|Any CPU.ActiveCfg = Debug|Any CPU
		{14D59900-4239-4804-AEF2-3916F5EC2ED3}.Debug|Any CPU.Build.0 = Debug|Any CPU
		{14D59900-4239-4804-AEF2-3916F5EC2ED3}.Release|Any CPU.ActiveCfg = Release|Any CPU
		{14D59900-4239-4804-AEF2-3916F5EC2ED3}.Release|Any CPU.Build.0 = Release|Any CPU
	EndGlobalSection
	GlobalSection(SolutionProperties) = preSolution
		HideSolutionNode = FALSE
	EndGlobalSection
	GlobalSection(ExtensibilityGlobals) = postSolution
		SolutionGuid = {B0E2BF82-2CAB-4D39-A2C4-ABD55D79D8C2}
	EndGlobalSection
EndGlobal
